
Microsoft Visual Studio Solution File, Format Version 12.00
# Visual Studio Version 16
VisualStudioVersion = 16.0.29411.108
MinimumVisualStudioVersion = 10.0.40219.1
Project("{FAE04EC0-301F-11D3-BF4B-00C04F79EFBC}") = "Zadanie7", "Zadanie7\Zadanie7.csproj", "{3150E6E9-5886-4F73-96DA-0B7CBF665D5B}"
EndProject
Global
	GlobalSection(SolutionConfigurationPlatforms) = preSolution
		Debug|Any CPU = Debug|Any CPU
		Release|Any CPU = Release|Any CPU
	EndGlobalSection
	GlobalSection(ProjectConfigurationPlatforms) = postSolution
		{3150E6E9-5886-4F73-96DA-0B7CBF665D5B}.Debug|Any CPU.ActiveCfg = Debug|Any CPU
		{3150E6E9-5886-4F73-96DA-0B7CBF665D5B}.Debug|Any CPU.Build.0 = Debug|Any CPU
		{3150E6E9-5886-4F73-96DA-0B7CBF665D5B}.Release|Any CPU.ActiveCfg = Release|Any CPU
		{3150E6E9-5886-4F73-96DA-0B7CBF665D5B}.Release|Any CPU.Build.0 = Release|Any CPU
	EndGlobalSection
	GlobalSection(SolutionProperties) = preSolution
		HideSolutionNode = FALSE
	EndGlobalSection
	GlobalSection(ExtensibilityGlobals) = postSolution
		SolutionGuid = {F4AEB985-ABBD-411E-AFE4-F9FEB8F5739C}
	EndGlobalSection
EndGlobal
