
Microsoft Visual Studio Solution File, Format Version 12.00
# Visual Studio Version 16
VisualStudioVersion = 16.0.29411.108
MinimumVisualStudioVersion = 10.0.40219.1
Project("{FAE04EC0-301F-11D3-BF4B-00C04F79EFBC}") = "WebApplication2", "WebApplication2\WebApplication2.csproj", "{0DAEA8AD-B411-4716-ACA9-5CDDA1E8560D}"
EndProject
Global
	GlobalSection(SolutionConfigurationPlatforms) = preSolution
		Debug|Any CPU = Debug|Any CPU
		Release|Any CPU = Release|Any CPU
	EndGlobalSection
	GlobalSection(ProjectConfigurationPlatforms) = postSolution
		{0DAEA8AD-B411-4716-ACA9-5CDDA1E8560D}.Debug|Any CPU.ActiveCfg = Debug|Any CPU
		{0DAEA8AD-B411-4716-ACA9-5CDDA1E8560D}.Debug|Any CPU.Build.0 = Debug|Any CPU
		{0DAEA8AD-B411-4716-ACA9-5CDDA1E8560D}.Release|Any CPU.ActiveCfg = Release|Any CPU
		{0DAEA8AD-B411-4716-ACA9-5CDDA1E8560D}.Release|Any CPU.Build.0 = Release|Any CPU
	EndGlobalSection
	GlobalSection(SolutionProperties) = preSolution
		HideSolutionNode = FALSE
	EndGlobalSection
	GlobalSection(ExtensibilityGlobals) = postSolution
		SolutionGuid = {F4F1004B-B2B1-43FE-9216-24AA0C48B843}
	EndGlobalSection
EndGlobal
