
Microsoft Visual Studio Solution File, Format Version 12.00
# Visual Studio 15
VisualStudioVersion = 15.0.28307.645
MinimumVisualStudioVersion = 10.0.40219.1
Project("{FAE04EC0-301F-11D3-BF4B-00C04F79EFBC}") = "Zadania2_3", "Zadanie2\Zadania2_3.csproj", "{58C51FBB-19F5-4598-8ACF-EF1F81E8252E}"
EndProject
Global
	GlobalSection(SolutionConfigurationPlatforms) = preSolution
		Debug|Any CPU = Debug|Any CPU
		Release|Any CPU = Release|Any CPU
	EndGlobalSection
	GlobalSection(ProjectConfigurationPlatforms) = postSolution
		{58C51FBB-19F5-4598-8ACF-EF1F81E8252E}.Debug|Any CPU.ActiveCfg = Debug|Any CPU
		{58C51FBB-19F5-4598-8ACF-EF1F81E8252E}.Debug|Any CPU.Build.0 = Debug|Any CPU
		{58C51FBB-19F5-4598-8ACF-EF1F81E8252E}.Release|Any CPU.ActiveCfg = Release|Any CPU
		{58C51FBB-19F5-4598-8ACF-EF1F81E8252E}.Release|Any CPU.Build.0 = Release|Any CPU
	EndGlobalSection
	GlobalSection(SolutionProperties) = preSolution
		HideSolutionNode = FALSE
	EndGlobalSection
	GlobalSection(ExtensibilityGlobals) = postSolution
		SolutionGuid = {48C9C271-D53B-4283-8412-C420F949EDFD}
	EndGlobalSection
EndGlobal
