
Microsoft Visual Studio Solution File, Format Version 12.00
# Visual Studio 15
VisualStudioVersion = 15.0.28307.645
MinimumVisualStudioVersion = 10.0.40219.1
Project("{FAE04EC0-301F-11D3-BF4B-00C04F79EFBC}") = "Zadanie1", "Zadanie1\Zadanie1.csproj", "{E399DC6B-7ED9-4D16-A070-33E057BD36C5}"
EndProject
Global
	GlobalSection(SolutionConfigurationPlatforms) = preSolution
		Debug|Any CPU = Debug|Any CPU
		Release|Any CPU = Release|Any CPU
	EndGlobalSection
	GlobalSection(ProjectConfigurationPlatforms) = postSolution
		{E399DC6B-7ED9-4D16-A070-33E057BD36C5}.Debug|Any CPU.ActiveCfg = Debug|Any CPU
		{E399DC6B-7ED9-4D16-A070-33E057BD36C5}.Debug|Any CPU.Build.0 = Debug|Any CPU
		{E399DC6B-7ED9-4D16-A070-33E057BD36C5}.Release|Any CPU.ActiveCfg = Release|Any CPU
		{E399DC6B-7ED9-4D16-A070-33E057BD36C5}.Release|Any CPU.Build.0 = Release|Any CPU
	EndGlobalSection
	GlobalSection(SolutionProperties) = preSolution
		HideSolutionNode = FALSE
	EndGlobalSection
	GlobalSection(ExtensibilityGlobals) = postSolution
		SolutionGuid = {47712EEB-346E-4A7B-97F0-00007EE9455E}
	EndGlobalSection
EndGlobal
