
Microsoft Visual Studio Solution File, Format Version 12.00
# Visual Studio Version 16
VisualStudioVersion = 16.0.29411.108
MinimumVisualStudioVersion = 10.0.40219.1
Project("{FAE04EC0-301F-11D3-BF4B-00C04F79EFBC}") = "Zadanie4", "Zadanie4\Zadanie4.csproj", "{6683E8B4-56B2-4AFA-AB7F-8E7201B17228}"
EndProject
Global
	GlobalSection(SolutionConfigurationPlatforms) = preSolution
		Debug|Any CPU = Debug|Any CPU
		Release|Any CPU = Release|Any CPU
	EndGlobalSection
	GlobalSection(ProjectConfigurationPlatforms) = postSolution
		{6683E8B4-56B2-4AFA-AB7F-8E7201B17228}.Debug|Any CPU.ActiveCfg = Debug|Any CPU
		{6683E8B4-56B2-4AFA-AB7F-8E7201B17228}.Debug|Any CPU.Build.0 = Debug|Any CPU
		{6683E8B4-56B2-4AFA-AB7F-8E7201B17228}.Release|Any CPU.ActiveCfg = Release|Any CPU
		{6683E8B4-56B2-4AFA-AB7F-8E7201B17228}.Release|Any CPU.Build.0 = Release|Any CPU
	EndGlobalSection
	GlobalSection(SolutionProperties) = preSolution
		HideSolutionNode = FALSE
	EndGlobalSection
	GlobalSection(ExtensibilityGlobals) = postSolution
		SolutionGuid = {006D508A-D932-43BE-B597-F3C4466C068E}
	EndGlobalSection
EndGlobal
