
Microsoft Visual Studio Solution File, Format Version 12.00
# Visual Studio Version 16
VisualStudioVersion = 16.0.29411.108
MinimumVisualStudioVersion = 10.0.40219.1
Project("{FAE04EC0-301F-11D3-BF4B-00C04F79EFBC}") = "Zadanie2", "Zadanie2\Zadanie2.csproj", "{D55B231B-2668-45E0-BD91-3E53FC16FFCA}"
EndProject
Global
	GlobalSection(SolutionConfigurationPlatforms) = preSolution
		Debug|Any CPU = Debug|Any CPU
		Release|Any CPU = Release|Any CPU
	EndGlobalSection
	GlobalSection(ProjectConfigurationPlatforms) = postSolution
		{D55B231B-2668-45E0-BD91-3E53FC16FFCA}.Debug|Any CPU.ActiveCfg = Debug|Any CPU
		{D55B231B-2668-45E0-BD91-3E53FC16FFCA}.Debug|Any CPU.Build.0 = Debug|Any CPU
		{D55B231B-2668-45E0-BD91-3E53FC16FFCA}.Release|Any CPU.ActiveCfg = Release|Any CPU
		{D55B231B-2668-45E0-BD91-3E53FC16FFCA}.Release|Any CPU.Build.0 = Release|Any CPU
	EndGlobalSection
	GlobalSection(SolutionProperties) = preSolution
		HideSolutionNode = FALSE
	EndGlobalSection
	GlobalSection(ExtensibilityGlobals) = postSolution
		SolutionGuid = {65FFE42C-CA5C-4AB9-9435-71C98827542C}
	EndGlobalSection
EndGlobal
