
Microsoft Visual Studio Solution File, Format Version 12.00
# Visual Studio Version 16
VisualStudioVersion = 16.0.29411.108
MinimumVisualStudioVersion = 10.0.40219.1
Project("{FAE04EC0-301F-11D3-BF4B-00C04F79EFBC}") = "Zad6", "Zad6\Zad6.csproj", "{C0B5585D-9977-4CA3-BE84-64081858012C}"
EndProject
Global
	GlobalSection(SolutionConfigurationPlatforms) = preSolution
		Debug|Any CPU = Debug|Any CPU
		Release|Any CPU = Release|Any CPU
	EndGlobalSection
	GlobalSection(ProjectConfigurationPlatforms) = postSolution
		{C0B5585D-9977-4CA3-BE84-64081858012C}.Debug|Any CPU.ActiveCfg = Debug|Any CPU
		{C0B5585D-9977-4CA3-BE84-64081858012C}.Debug|Any CPU.Build.0 = Debug|Any CPU
		{C0B5585D-9977-4CA3-BE84-64081858012C}.Release|Any CPU.ActiveCfg = Release|Any CPU
		{C0B5585D-9977-4CA3-BE84-64081858012C}.Release|Any CPU.Build.0 = Release|Any CPU
	EndGlobalSection
	GlobalSection(SolutionProperties) = preSolution
		HideSolutionNode = FALSE
	EndGlobalSection
	GlobalSection(ExtensibilityGlobals) = postSolution
		SolutionGuid = {DDADC021-0125-479C-82E1-B7E85F89BC3C}
	EndGlobalSection
EndGlobal
