
Microsoft Visual Studio Solution File, Format Version 12.00
# Visual Studio 2012
Project("{FAE04EC0-301F-11D3-BF4B-00C04F79EFBC}") = "MvcApplication3", "MvcApplication3\MvcApplication3.csproj", "{CE704CE5-0C23-4D27-AF7B-784954946A92}"
EndProject
Project("{FAE04EC0-301F-11D3-BF4B-00C04F79EFBC}") = "DataLibrary", "DataLibrary\DataLibrary.csproj", "{33ABC845-C76F-4083-ABB9-9A89760C2B95}"
EndProject
Project("{2150E333-8FDC-42A3-9474-1A3956D46DE8}") = ".nuget", ".nuget", "{BD15E320-22E1-4932-98E0-4241A183AD27}"
	ProjectSection(SolutionItems) = preProject
		.nuget\NuGet.Config = .nuget\NuGet.Config
		.nuget\NuGet.exe = .nuget\NuGet.exe
		.nuget\NuGet.targets = .nuget\NuGet.targets
	EndProjectSection
EndProject
Project("{FAE04EC0-301F-11D3-BF4B-00C04F79EFBC}") = "MvcApplication3.UnitTests", "MvcApplication3.UnitTests\MvcApplication3.UnitTests.csproj", "{852663B1-F35B-4537-B327-EBBE0D2F51F9}"
EndProject
Global
	GlobalSection(SolutionConfigurationPlatforms) = preSolution
		Debug|Any CPU = Debug|Any CPU
		Release|Any CPU = Release|Any CPU
	EndGlobalSection
	GlobalSection(ProjectConfigurationPlatforms) = postSolution
		{CE704CE5-0C23-4D27-AF7B-784954946A92}.Debug|Any CPU.ActiveCfg = Debug|Any CPU
		{CE704CE5-0C23-4D27-AF7B-784954946A92}.Debug|Any CPU.Build.0 = Debug|Any CPU
		{CE704CE5-0C23-4D27-AF7B-784954946A92}.Release|Any CPU.ActiveCfg = Release|Any CPU
		{CE704CE5-0C23-4D27-AF7B-784954946A92}.Release|Any CPU.Build.0 = Release|Any CPU
		{33ABC845-C76F-4083-ABB9-9A89760C2B95}.Debug|Any CPU.ActiveCfg = Debug|Any CPU
		{33ABC845-C76F-4083-ABB9-9A89760C2B95}.Debug|Any CPU.Build.0 = Debug|Any CPU
		{33ABC845-C76F-4083-ABB9-9A89760C2B95}.Release|Any CPU.ActiveCfg = Release|Any CPU
		{33ABC845-C76F-4083-ABB9-9A89760C2B95}.Release|Any CPU.Build.0 = Release|Any CPU
		{852663B1-F35B-4537-B327-EBBE0D2F51F9}.Debug|Any CPU.ActiveCfg = Debug|Any CPU
		{852663B1-F35B-4537-B327-EBBE0D2F51F9}.Debug|Any CPU.Build.0 = Debug|Any CPU
		{852663B1-F35B-4537-B327-EBBE0D2F51F9}.Release|Any CPU.ActiveCfg = Release|Any CPU
		{852663B1-F35B-4537-B327-EBBE0D2F51F9}.Release|Any CPU.Build.0 = Release|Any CPU
	EndGlobalSection
	GlobalSection(SolutionProperties) = preSolution
		HideSolutionNode = FALSE
	EndGlobalSection
EndGlobal
