
Microsoft Visual Studio Solution File, Format Version 12.00
# Visual Studio 15
VisualStudioVersion = 15.0.28010.2046
MinimumVisualStudioVersion = 10.0.40219.1
Project("{8BC9CEB8-8B4A-11D0-8D11-00A0C91BC942}") = "Zadanie4", "Zadanie4\Zadanie4.vcxproj", "{FAEA7BF8-EA17-4B73-80D7-38CFCC3C39DE}"
EndProject
Global
	GlobalSection(SolutionConfigurationPlatforms) = preSolution
		Debug|x64 = Debug|x64
		Debug|x86 = Debug|x86
		Release|x64 = Release|x64
		Release|x86 = Release|x86
	EndGlobalSection
	GlobalSection(ProjectConfigurationPlatforms) = postSolution
		{FAEA7BF8-EA17-4B73-80D7-38CFCC3C39DE}.Debug|x64.ActiveCfg = Debug|x64
		{FAEA7BF8-EA17-4B73-80D7-38CFCC3C39DE}.Debug|x64.Build.0 = Debug|x64
		{FAEA7BF8-EA17-4B73-80D7-38CFCC3C39DE}.Debug|x86.ActiveCfg = Debug|Win32
		{FAEA7BF8-EA17-4B73-80D7-38CFCC3C39DE}.Debug|x86.Build.0 = Debug|Win32
		{FAEA7BF8-EA17-4B73-80D7-38CFCC3C39DE}.Release|x64.ActiveCfg = Release|x64
		{FAEA7BF8-EA17-4B73-80D7-38CFCC3C39DE}.Release|x64.Build.0 = Release|x64
		{FAEA7BF8-EA17-4B73-80D7-38CFCC3C39DE}.Release|x86.ActiveCfg = Release|Win32
		{FAEA7BF8-EA17-4B73-80D7-38CFCC3C39DE}.Release|x86.Build.0 = Release|Win32
	EndGlobalSection
	GlobalSection(SolutionProperties) = preSolution
		HideSolutionNode = FALSE
	EndGlobalSection
	GlobalSection(ExtensibilityGlobals) = postSolution
		SolutionGuid = {DD31BBC3-4716-4207-A371-356D14DE1AC8}
	EndGlobalSection
EndGlobal
