
Microsoft Visual Studio Solution File, Format Version 12.00
# Visual Studio 15
VisualStudioVersion = 15.0.28010.2046
MinimumVisualStudioVersion = 10.0.40219.1
Project("{FAE04EC0-301F-11D3-BF4B-00C04F79EFBC}") = "Zadanie3", "Zadanie3\Zadanie3.csproj", "{94FEE7B7-E9BC-40F2-89EB-436571614642}"
EndProject
Global
	GlobalSection(SolutionConfigurationPlatforms) = preSolution
		Debug|Any CPU = Debug|Any CPU
		Release|Any CPU = Release|Any CPU
	EndGlobalSection
	GlobalSection(ProjectConfigurationPlatforms) = postSolution
		{94FEE7B7-E9BC-40F2-89EB-436571614642}.Debug|Any CPU.ActiveCfg = Debug|Any CPU
		{94FEE7B7-E9BC-40F2-89EB-436571614642}.Debug|Any CPU.Build.0 = Debug|Any CPU
		{94FEE7B7-E9BC-40F2-89EB-436571614642}.Release|Any CPU.ActiveCfg = Release|Any CPU
		{94FEE7B7-E9BC-40F2-89EB-436571614642}.Release|Any CPU.Build.0 = Release|Any CPU
	EndGlobalSection
	GlobalSection(SolutionProperties) = preSolution
		HideSolutionNode = FALSE
	EndGlobalSection
	GlobalSection(ExtensibilityGlobals) = postSolution
		SolutionGuid = {7D96A0B1-8B87-4B2B-A5C3-CD93E5E78F82}
	EndGlobalSection
EndGlobal
